
Microsoft Visual Studio Solution File, Format Version 12.00
# Visual Studio 15
VisualStudioVersion = 15.0.28307.271
MinimumVisualStudioVersion = 10.0.40219.1
Project("{FAE04EC0-301F-11D3-BF4B-00C04F79EFBC}") = "MCBE-ServerWrapper", "MCBE-ServerWrapper\MCBE-ServerWrapper.csproj", "{A03B0023-D14F-454B-BBD9-E8CECB76A769}"
EndProject
Global
	GlobalSection(SolutionConfigurationPlatforms) = preSolution
		Debug|Any CPU = Debug|Any CPU
		Release|Any CPU = Release|Any CPU
	EndGlobalSection
	GlobalSection(ProjectConfigurationPlatforms) = postSolution
		{A03B0023-D14F-454B-BBD9-E8CECB76A769}.Debug|Any CPU.ActiveCfg = Debug|Any CPU
		{A03B0023-D14F-454B-BBD9-E8CECB76A769}.Debug|Any CPU.Build.0 = Debug|Any CPU
		{A03B0023-D14F-454B-BBD9-E8CECB76A769}.Release|Any CPU.ActiveCfg = Release|Any CPU
		{A03B0023-D14F-454B-BBD9-E8CECB76A769}.Release|Any CPU.Build.0 = Release|Any CPU
	EndGlobalSection
	GlobalSection(SolutionProperties) = preSolution
		HideSolutionNode = FALSE
	EndGlobalSection
	GlobalSection(ExtensibilityGlobals) = postSolution
		SolutionGuid = {1AADF5E1-A325-4DED-99FC-C4C88F36A67B}
	EndGlobalSection
EndGlobal
