
Microsoft Visual Studio Solution File, Format Version 12.00
# Visual Studio Version 17
VisualStudioVersion = 17.1.32228.430
MinimumVisualStudioVersion = 10.0.40219.1
Project("{9A19103F-16F7-4668-BE54-9A1E7A4F7556}") = "MCBE-ServerWrapper", "MCBE-ServerWrapper\MCBE-ServerWrapper.csproj", "{A03B0023-D14F-454B-BBD9-E8CECB76A769}"
EndProject
Project("{2150E333-8FDC-42A3-9474-1A3956D46DE8}") = "Solution Items", "Solution Items", "{6A7EEFD3-CEDA-4A3B-845B-1FEAAE9EE71C}"
	ProjectSection(SolutionItems) = preProject
		.editorconfig = .editorconfig
		.gitlab-ci.yml = .gitlab-ci.yml
		README.md = README.md
	EndProjectSection
EndProject
Global
	GlobalSection(SolutionConfigurationPlatforms) = preSolution
		Debug|Any CPU = Debug|Any CPU
		Release|Any CPU = Release|Any CPU
	EndGlobalSection
	GlobalSection(ProjectConfigurationPlatforms) = postSolution
		{A03B0023-D14F-454B-BBD9-E8CECB76A769}.Debug|Any CPU.ActiveCfg = Debug|Any CPU
		{A03B0023-D14F-454B-BBD9-E8CECB76A769}.Debug|Any CPU.Build.0 = Debug|Any CPU
		{A03B0023-D14F-454B-BBD9-E8CECB76A769}.Release|Any CPU.ActiveCfg = Release|Any CPU
		{A03B0023-D14F-454B-BBD9-E8CECB76A769}.Release|Any CPU.Build.0 = Release|Any CPU
	EndGlobalSection
	GlobalSection(SolutionProperties) = preSolution
		HideSolutionNode = FALSE
	EndGlobalSection
	GlobalSection(ExtensibilityGlobals) = postSolution
		SolutionGuid = {1AADF5E1-A325-4DED-99FC-C4C88F36A67B}
	EndGlobalSection
EndGlobal
